// !$*UTF8*$!
{
	archiveVersion = 1;
	classes = {
	};
	objectVersion = 50;
	objects = {

/* Begin PBXBuildFile section */
		1A01058EBD849F97BA51C827 /* Pods_SafeAirlinesTests.framework in Frameworks */ = {isa = PBXBuildFile; fileRef = 5CA163FC306E34358B470C9A /* Pods_SafeAirlinesTests.framework */; };
		940C193D20C5F80B004BFBD3 /* Airport.swift in Sources */ = {isa = PBXBuildFile; fileRef = 940C193C20C5F80B004BFBD3 /* Airport.swift */; };
		940C193F20C5FB4F004BFBD3 /* Arrays.swift in Sources */ = {isa = PBXBuildFile; fileRef = 940C193E20C5FB4F004BFBD3 /* Arrays.swift */; };
		940C194120C79BAD004BFBD3 /* Schedule.swift in Sources */ = {isa = PBXBuildFile; fileRef = 940C194020C79BAD004BFBD3 /* Schedule.swift */; };
		940C194420C7D280004BFBD3 /* RoutesView.swift in Sources */ = {isa = PBXBuildFile; fileRef = 940C194320C7D280004BFBD3 /* RoutesView.swift */; };
		94ABFEB120C03CEC00B5FB7B /* AppDelegate.swift in Sources */ = {isa = PBXBuildFile; fileRef = 94ABFEB020C03CEC00B5FB7B /* AppDelegate.swift */; };
		94ABFEB620C03CEC00B5FB7B /* Main.storyboard in Resources */ = {isa = PBXBuildFile; fileRef = 94ABFEB420C03CEC00B5FB7B /* Main.storyboard */; };
		94ABFEB820C03CEF00B5FB7B /* Assets.xcassets in Resources */ = {isa = PBXBuildFile; fileRef = 94ABFEB720C03CEF00B5FB7B /* Assets.xcassets */; };
		94ABFEBB20C03CEF00B5FB7B /* LaunchScreen.storyboard in Resources */ = {isa = PBXBuildFile; fileRef = 94ABFEB920C03CEF00B5FB7B /* LaunchScreen.storyboard */; };
		94ABFEC620C03CEF00B5FB7B /* SafeAirlinesTests.swift in Sources */ = {isa = PBXBuildFile; fileRef = 94ABFEC520C03CEF00B5FB7B /* SafeAirlinesTests.swift */; };
		94ABFED120C03CEF00B5FB7B /* SafeAirlinesUITests.swift in Sources */ = {isa = PBXBuildFile; fileRef = 94ABFED020C03CEF00B5FB7B /* SafeAirlinesUITests.swift */; };
		94ABFEE020C08F6700B5FB7B /* HomePageController.swift in Sources */ = {isa = PBXBuildFile; fileRef = 94ABFEDF20C08F6700B5FB7B /* HomePageController.swift */; };
		94ABFEE520C090FD00B5FB7B /* AirportSearchPage.swift in Sources */ = {isa = PBXBuildFile; fileRef = 94ABFEE420C090FD00B5FB7B /* AirportSearchPage.swift */; };
		94ABFEE820C0939300B5FB7B /* WebCallsHandler.swift in Sources */ = {isa = PBXBuildFile; fileRef = 94ABFEE720C0939300B5FB7B /* WebCallsHandler.swift */; };
		94ABFEEB20C0B81000B5FB7B /* SearchResultsCell.xib in Resources */ = {isa = PBXBuildFile; fileRef = 94ABFEEA20C0B81000B5FB7B /* SearchResultsCell.xib */; };
		94ABFEED20C0B8B900B5FB7B /* SearchResultsCell.swift in Sources */ = {isa = PBXBuildFile; fileRef = 94ABFEEC20C0B8B900B5FB7B /* SearchResultsCell.swift */; };
		94ABFEEF20C1F1EB00B5FB7B /* Constants.swift in Sources */ = {isa = PBXBuildFile; fileRef = 94ABFEEE20C1F1EB00B5FB7B /* Constants.swift */; };
		D64B0AB7D9FABE838F82AAB8 /* Pods_SafeAirlines.framework in Frameworks */ = {isa = PBXBuildFile; fileRef = 752562DFAB0DBB7AD4636E65 /* Pods_SafeAirlines.framework */; };
		E1CB3AC716C8705FB2B86A0F /* Pods_SafeAirlinesUITests.framework in Frameworks */ = {isa = PBXBuildFile; fileRef = ADA57C34E537DB7CB897DC5B /* Pods_SafeAirlinesUITests.framework */; };
/* End PBXBuildFile section */

/* Begin PBXContainerItemProxy section */
		94ABFEC220C03CEF00B5FB7B /* PBXContainerItemProxy */ = {
			isa = PBXContainerItemProxy;
			containerPortal = 94ABFEA520C03CEC00B5FB7B /* Project object */;
			proxyType = 1;
			remoteGlobalIDString = 94ABFEAC20C03CEC00B5FB7B;
			remoteInfo = SafeAirlines;
		};
		94ABFECD20C03CEF00B5FB7B /* PBXContainerItemProxy */ = {
			isa = PBXContainerItemProxy;
			containerPortal = 94ABFEA520C03CEC00B5FB7B /* Project object */;
			proxyType = 1;
			remoteGlobalIDString = 94ABFEAC20C03CEC00B5FB7B;
			remoteInfo = SafeAirlines;
		};
/* End PBXContainerItemProxy section */

/* Begin PBXFileReference section */
		24DAB651E7974D9C080198D7 /* Pods-SafeAirlinesTests.release.xcconfig */ = {isa = PBXFileReference; includeInIndex = 1; lastKnownFileType = text.xcconfig; name = "Pods-SafeAirlinesTests.release.xcconfig"; path = "Pods/Target Support Files/Pods-SafeAirlinesTests/Pods-SafeAirlinesTests.release.xcconfig"; sourceTree = "<group>"; };
		5CA163FC306E34358B470C9A /* Pods_SafeAirlinesTests.framework */ = {isa = PBXFileReference; explicitFileType = wrapper.framework; includeInIndex = 0; path = Pods_SafeAirlinesTests.framework; sourceTree = BUILT_PRODUCTS_DIR; };
		752562DFAB0DBB7AD4636E65 /* Pods_SafeAirlines.framework */ = {isa = PBXFileReference; explicitFileType = wrapper.framework; includeInIndex = 0; path = Pods_SafeAirlines.framework; sourceTree = BUILT_PRODUCTS_DIR; };
		940C193C20C5F80B004BFBD3 /* Airport.swift */ = {isa = PBXFileReference; lastKnownFileType = sourcecode.swift; path = Airport.swift; sourceTree = "<group>"; };
		940C193E20C5FB4F004BFBD3 /* Arrays.swift */ = {isa = PBXFileReference; lastKnownFileType = sourcecode.swift; path = Arrays.swift; sourceTree = "<group>"; };
		940C194020C79BAD004BFBD3 /* Schedule.swift */ = {isa = PBXFileReference; lastKnownFileType = sourcecode.swift; path = Schedule.swift; sourceTree = "<group>"; };
		940C194320C7D280004BFBD3 /* RoutesView.swift */ = {isa = PBXFileReference; lastKnownFileType = sourcecode.swift; path = RoutesView.swift; sourceTree = "<group>"; };
		94ABFEAD20C03CEC00B5FB7B /* SafeAirlines.app */ = {isa = PBXFileReference; explicitFileType = wrapper.application; includeInIndex = 0; path = SafeAirlines.app; sourceTree = BUILT_PRODUCTS_DIR; };
		94ABFEB020C03CEC00B5FB7B /* AppDelegate.swift */ = {isa = PBXFileReference; lastKnownFileType = sourcecode.swift; path = AppDelegate.swift; sourceTree = "<group>"; };
		94ABFEB520C03CEC00B5FB7B /* Base */ = {isa = PBXFileReference; lastKnownFileType = file.storyboard; name = Base; path = Base.lproj/Main.storyboard; sourceTree = "<group>"; };
		94ABFEB720C03CEF00B5FB7B /* Assets.xcassets */ = {isa = PBXFileReference; lastKnownFileType = folder.assetcatalog; path = Assets.xcassets; sourceTree = "<group>"; };
		94ABFEBA20C03CEF00B5FB7B /* Base */ = {isa = PBXFileReference; lastKnownFileType = file.storyboard; name = Base; path = Base.lproj/LaunchScreen.storyboard; sourceTree = "<group>"; };
		94ABFEBC20C03CEF00B5FB7B /* Info.plist */ = {isa = PBXFileReference; lastKnownFileType = text.plist.xml; path = Info.plist; sourceTree = "<group>"; };
		94ABFEC120C03CEF00B5FB7B /* SafeAirlinesTests.xctest */ = {isa = PBXFileReference; explicitFileType = wrapper.cfbundle; includeInIndex = 0; path = SafeAirlinesTests.xctest; sourceTree = BUILT_PRODUCTS_DIR; };
		94ABFEC520C03CEF00B5FB7B /* SafeAirlinesTests.swift */ = {isa = PBXFileReference; lastKnownFileType = sourcecode.swift; path = SafeAirlinesTests.swift; sourceTree = "<group>"; };
		94ABFEC720C03CEF00B5FB7B /* Info.plist */ = {isa = PBXFileReference; lastKnownFileType = text.plist.xml; path = Info.plist; sourceTree = "<group>"; };
		94ABFECC20C03CEF00B5FB7B /* SafeAirlinesUITests.xctest */ = {isa = PBXFileReference; explicitFileType = wrapper.cfbundle; includeInIndex = 0; path = SafeAirlinesUITests.xctest; sourceTree = BUILT_PRODUCTS_DIR; };
		94ABFED020C03CEF00B5FB7B /* SafeAirlinesUITests.swift */ = {isa = PBXFileReference; lastKnownFileType = sourcecode.swift; path = SafeAirlinesUITests.swift; sourceTree = "<group>"; };
		94ABFED220C03CEF00B5FB7B /* Info.plist */ = {isa = PBXFileReference; lastKnownFileType = text.plist.xml; path = Info.plist; sourceTree = "<group>"; };
		94ABFEDF20C08F6700B5FB7B /* HomePageController.swift */ = {isa = PBXFileReference; lastKnownFileType = sourcecode.swift; path = HomePageController.swift; sourceTree = "<group>"; };
		94ABFEE420C090FD00B5FB7B /* AirportSearchPage.swift */ = {isa = PBXFileReference; lastKnownFileType = sourcecode.swift; path = AirportSearchPage.swift; sourceTree = "<group>"; };
		94ABFEE720C0939300B5FB7B /* WebCallsHandler.swift */ = {isa = PBXFileReference; lastKnownFileType = sourcecode.swift; path = WebCallsHandler.swift; sourceTree = "<group>"; };
		94ABFEEA20C0B81000B5FB7B /* SearchResultsCell.xib */ = {isa = PBXFileReference; lastKnownFileType = file.xib; path = SearchResultsCell.xib; sourceTree = "<group>"; };
		94ABFEEC20C0B8B900B5FB7B /* SearchResultsCell.swift */ = {isa = PBXFileReference; lastKnownFileType = sourcecode.swift; path = SearchResultsCell.swift; sourceTree = "<group>"; };
		94ABFEEE20C1F1EB00B5FB7B /* Constants.swift */ = {isa = PBXFileReference; lastKnownFileType = sourcecode.swift; path = Constants.swift; sourceTree = "<group>"; };
		ADA57C34E537DB7CB897DC5B /* Pods_SafeAirlinesUITests.framework */ = {isa = PBXFileReference; explicitFileType = wrapper.framework; includeInIndex = 0; path = Pods_SafeAirlinesUITests.framework; sourceTree = BUILT_PRODUCTS_DIR; };
		B2F19B4B2DF1A77EB0C69F1E /* Pods-SafeAirlinesTests.debug.xcconfig */ = {isa = PBXFileReference; includeInIndex = 1; lastKnownFileType = text.xcconfig; name = "Pods-SafeAirlinesTests.debug.xcconfig"; path = "Pods/Target Support Files/Pods-SafeAirlinesTests/Pods-SafeAirlinesTests.debug.xcconfig"; sourceTree = "<group>"; };
		D03F950C628863FDD6091901 /* Pods-SafeAirlinesUITests.debug.xcconfig */ = {isa = PBXFileReference; includeInIndex = 1; lastKnownFileType = text.xcconfig; name = "Pods-SafeAirlinesUITests.debug.xcconfig"; path = "Pods/Target Support Files/Pods-SafeAirlinesUITests/Pods-SafeAirlinesUITests.debug.xcconfig"; sourceTree = "<group>"; };
		D6D25577C7CBB2773942B417 /* Pods-SafeAirlines.release.xcconfig */ = {isa = PBXFileReference; includeInIndex = 1; lastKnownFileType = text.xcconfig; name = "Pods-SafeAirlines.release.xcconfig"; path = "Pods/Target Support Files/Pods-SafeAirlines/Pods-SafeAirlines.release.xcconfig"; sourceTree = "<group>"; };
		F341617FAECC4C0DD1547AEB /* Pods-SafeAirlines.debug.xcconfig */ = {isa = PBXFileReference; includeInIndex = 1; lastKnownFileType = text.xcconfig; name = "Pods-SafeAirlines.debug.xcconfig"; path = "Pods/Target Support Files/Pods-SafeAirlines/Pods-SafeAirlines.debug.xcconfig"; sourceTree = "<group>"; };
		F651B0097DB66C987BFE864F /* Pods-SafeAirlinesUITests.release.xcconfig */ = {isa = PBXFileReference; includeInIndex = 1; lastKnownFileType = text.xcconfig; name = "Pods-SafeAirlinesUITests.release.xcconfig"; path = "Pods/Target Support Files/Pods-SafeAirlinesUITests/Pods-SafeAirlinesUITests.release.xcconfig"; sourceTree = "<group>"; };
/* End PBXFileReference section */

/* Begin PBXFrameworksBuildPhase section */
		94ABFEAA20C03CEC00B5FB7B /* Frameworks */ = {
			isa = PBXFrameworksBuildPhase;
			buildActionMask = 2147483647;
			files = (
				D64B0AB7D9FABE838F82AAB8 /* Pods_SafeAirlines.framework in Frameworks */,
			);
			runOnlyForDeploymentPostprocessing = 0;
		};
		94ABFEBE20C03CEF00B5FB7B /* Frameworks */ = {
			isa = PBXFrameworksBuildPhase;
			buildActionMask = 2147483647;
			files = (
				1A01058EBD849F97BA51C827 /* Pods_SafeAirlinesTests.framework in Frameworks */,
			);
			runOnlyForDeploymentPostprocessing = 0;
		};
		94ABFEC920C03CEF00B5FB7B /* Frameworks */ = {
			isa = PBXFrameworksBuildPhase;
			buildActionMask = 2147483647;
			files = (
				E1CB3AC716C8705FB2B86A0F /* Pods_SafeAirlinesUITests.framework in Frameworks */,
			);
			runOnlyForDeploymentPostprocessing = 0;
		};
/* End PBXFrameworksBuildPhase section */

/* Begin PBXGroup section */
		7A409C885734BD50266A9C5C /* Frameworks */ = {
			isa = PBXGroup;
			children = (
				752562DFAB0DBB7AD4636E65 /* Pods_SafeAirlines.framework */,
				5CA163FC306E34358B470C9A /* Pods_SafeAirlinesTests.framework */,
				ADA57C34E537DB7CB897DC5B /* Pods_SafeAirlinesUITests.framework */,
			);
			name = Frameworks;
			sourceTree = "<group>";
		};
		81BD099C62ABFE0D27E68252 /* Pods */ = {
			isa = PBXGroup;
			children = (
				F341617FAECC4C0DD1547AEB /* Pods-SafeAirlines.debug.xcconfig */,
				D6D25577C7CBB2773942B417 /* Pods-SafeAirlines.release.xcconfig */,
				B2F19B4B2DF1A77EB0C69F1E /* Pods-SafeAirlinesTests.debug.xcconfig */,
				24DAB651E7974D9C080198D7 /* Pods-SafeAirlinesTests.release.xcconfig */,
				D03F950C628863FDD6091901 /* Pods-SafeAirlinesUITests.debug.xcconfig */,
				F651B0097DB66C987BFE864F /* Pods-SafeAirlinesUITests.release.xcconfig */,
			);
			name = Pods;
			sourceTree = "<group>";
		};
		940C194220C7D25A004BFBD3 /* Routes */ = {
			isa = PBXGroup;
			children = (
				940C194320C7D280004BFBD3 /* RoutesView.swift */,
			);
			path = Routes;
			sourceTree = "<group>";
		};
		940C194520C7F3C5004BFBD3 /* Storyboards && Default Files */ = {
			isa = PBXGroup;
			children = (
				94ABFEB720C03CEF00B5FB7B /* Assets.xcassets */,
				94ABFEB420C03CEC00B5FB7B /* Main.storyboard */,
				94ABFEB920C03CEF00B5FB7B /* LaunchScreen.storyboard */,
				94ABFEBC20C03CEF00B5FB7B /* Info.plist */,
			);
			path = "Storyboards && Default Files";
			sourceTree = "<group>";
		};
		94ABFEA420C03CEC00B5FB7B = {
			isa = PBXGroup;
			children = (
				94ABFEAF20C03CEC00B5FB7B /* SafeAirlines */,
				94ABFEC420C03CEF00B5FB7B /* SafeAirlinesTests */,
				94ABFECF20C03CEF00B5FB7B /* SafeAirlinesUITests */,
				94ABFEAE20C03CEC00B5FB7B /* Products */,
				81BD099C62ABFE0D27E68252 /* Pods */,
				7A409C885734BD50266A9C5C /* Frameworks */,
			);
			sourceTree = "<group>";
		};
		94ABFEAE20C03CEC00B5FB7B /* Products */ = {
			isa = PBXGroup;
			children = (
				94ABFEAD20C03CEC00B5FB7B /* SafeAirlines.app */,
				94ABFEC120C03CEF00B5FB7B /* SafeAirlinesTests.xctest */,
				94ABFECC20C03CEF00B5FB7B /* SafeAirlinesUITests.xctest */,
			);
			name = Products;
			sourceTree = "<group>";
		};
		94ABFEAF20C03CEC00B5FB7B /* SafeAirlines */ = {
			isa = PBXGroup;
			children = (
				940C194520C7F3C5004BFBD3 /* Storyboards && Default Files */,
				940C194220C7D25A004BFBD3 /* Routes */,
				94ABFEE620C092E700B5FB7B /* Data Model */,
				94ABFEE120C090A500B5FB7B /* Search Pages */,
				94ABFEDE20C08F3E00B5FB7B /* Home Page */,
			);
			path = SafeAirlines;
			sourceTree = "<group>";
		};
		94ABFEC420C03CEF00B5FB7B /* SafeAirlinesTests */ = {
			isa = PBXGroup;
			children = (
				94ABFEC520C03CEF00B5FB7B /* SafeAirlinesTests.swift */,
				94ABFEC720C03CEF00B5FB7B /* Info.plist */,
			);
			path = SafeAirlinesTests;
			sourceTree = "<group>";
		};
		94ABFECF20C03CEF00B5FB7B /* SafeAirlinesUITests */ = {
			isa = PBXGroup;
			children = (
				94ABFED020C03CEF00B5FB7B /* SafeAirlinesUITests.swift */,
				94ABFED220C03CEF00B5FB7B /* Info.plist */,
			);
			path = SafeAirlinesUITests;
			sourceTree = "<group>";
		};
		94ABFEDE20C08F3E00B5FB7B /* Home Page */ = {
			isa = PBXGroup;
			children = (
				94ABFEDF20C08F6700B5FB7B /* HomePageController.swift */,
				94ABFEB020C03CEC00B5FB7B /* AppDelegate.swift */,
			);
			path = "Home Page";
			sourceTree = "<group>";
		};
		94ABFEE120C090A500B5FB7B /* Search Pages */ = {
			isa = PBXGroup;
			children = (
				94ABFEE420C090FD00B5FB7B /* AirportSearchPage.swift */,
				94ABFEEA20C0B81000B5FB7B /* SearchResultsCell.xib */,
				94ABFEEC20C0B8B900B5FB7B /* SearchResultsCell.swift */,
			);
			path = "Search Pages";
			sourceTree = "<group>";
		};
		94ABFEE620C092E700B5FB7B /* Data Model */ = {
			isa = PBXGroup;
			children = (
				94ABFEE720C0939300B5FB7B /* WebCallsHandler.swift */,
				94ABFEEE20C1F1EB00B5FB7B /* Constants.swift */,
				940C193C20C5F80B004BFBD3 /* Airport.swift */,
				940C193E20C5FB4F004BFBD3 /* Arrays.swift */,
				940C194020C79BAD004BFBD3 /* Schedule.swift */,
			);
			path = "Data Model";
			sourceTree = "<group>";
		};
/* End PBXGroup section */

/* Begin PBXNativeTarget section */
		94ABFEAC20C03CEC00B5FB7B /* SafeAirlines */ = {
			isa = PBXNativeTarget;
			buildConfigurationList = 94ABFED520C03CEF00B5FB7B /* Build configuration list for PBXNativeTarget "SafeAirlines" */;
			buildPhases = (
				61A7DBB3E5B3BAC7444F1A55 /* [CP] Check Pods Manifest.lock */,
				94ABFEA920C03CEC00B5FB7B /* Sources */,
				94ABFEAA20C03CEC00B5FB7B /* Frameworks */,
				94ABFEAB20C03CEC00B5FB7B /* Resources */,
				2D2D47999E932857C91D501A /* [CP] Embed Pods Frameworks */,
				43D10965FEB317B4B73D9C33 /* [CP] Copy Pods Resources */,
			);
			buildRules = (
			);
			dependencies = (
			);
			name = SafeAirlines;
			productName = SafeAirlines;
			productReference = 94ABFEAD20C03CEC00B5FB7B /* SafeAirlines.app */;
			productType = "com.apple.product-type.application";
		};
		94ABFEC020C03CEF00B5FB7B /* SafeAirlinesTests */ = {
			isa = PBXNativeTarget;
			buildConfigurationList = 94ABFED820C03CEF00B5FB7B /* Build configuration list for PBXNativeTarget "SafeAirlinesTests" */;
			buildPhases = (
				0BD0296B69DC55BA0B8E6491 /* [CP] Check Pods Manifest.lock */,
				94ABFEBD20C03CEF00B5FB7B /* Sources */,
				94ABFEBE20C03CEF00B5FB7B /* Frameworks */,
				94ABFEBF20C03CEF00B5FB7B /* Resources */,
				A8707F06ECB84878D1997875 /* [CP] Embed Pods Frameworks */,
				8E2BA5CD164EF6F814F580B0 /* [CP] Copy Pods Resources */,
			);
			buildRules = (
			);
			dependencies = (
				94ABFEC320C03CEF00B5FB7B /* PBXTargetDependency */,
			);
			name = SafeAirlinesTests;
			productName = SafeAirlinesTests;
			productReference = 94ABFEC120C03CEF00B5FB7B /* SafeAirlinesTests.xctest */;
			productType = "com.apple.product-type.bundle.unit-test";
		};
		94ABFECB20C03CEF00B5FB7B /* SafeAirlinesUITests */ = {
			isa = PBXNativeTarget;
			buildConfigurationList = 94ABFEDB20C03CEF00B5FB7B /* Build configuration list for PBXNativeTarget "SafeAirlinesUITests" */;
			buildPhases = (
				0E4CD10FB5B3A35496E9A5A6 /* [CP] Check Pods Manifest.lock */,
				94ABFEC820C03CEF00B5FB7B /* Sources */,
				94ABFEC920C03CEF00B5FB7B /* Frameworks */,
				94ABFECA20C03CEF00B5FB7B /* Resources */,
				CDC04F9C50719E18BF2C4E4B /* [CP] Embed Pods Frameworks */,
				16F3036395E1CEDB57B9A808 /* [CP] Copy Pods Resources */,
			);
			buildRules = (
			);
			dependencies = (
				94ABFECE20C03CEF00B5FB7B /* PBXTargetDependency */,
			);
			name = SafeAirlinesUITests;
			productName = SafeAirlinesUITests;
			productReference = 94ABFECC20C03CEF00B5FB7B /* SafeAirlinesUITests.xctest */;
			productType = "com.apple.product-type.bundle.ui-testing";
		};
/* End PBXNativeTarget section */

/* Begin PBXProject section */
		94ABFEA520C03CEC00B5FB7B /* Project object */ = {
			isa = PBXProject;
			attributes = {
				LastSwiftUpdateCheck = 0940;
				LastUpgradeCheck = 0940;
				ORGANIZATIONNAME = "Daniel Phiri";
				TargetAttributes = {
					94ABFEAC20C03CEC00B5FB7B = {
						CreatedOnToolsVersion = 9.4;
					};
					94ABFEC020C03CEF00B5FB7B = {
						CreatedOnToolsVersion = 9.4;
						TestTargetID = 94ABFEAC20C03CEC00B5FB7B;
					};
					94ABFECB20C03CEF00B5FB7B = {
						CreatedOnToolsVersion = 9.4;
						TestTargetID = 94ABFEAC20C03CEC00B5FB7B;
					};
				};
			};
			buildConfigurationList = 94ABFEA820C03CEC00B5FB7B /* Build configuration list for PBXProject "SafeAirlines" */;
			compatibilityVersion = "Xcode 9.3";
			developmentRegion = en;
			hasScannedForEncodings = 0;
			knownRegions = (
				en,
				Base,
			);
			mainGroup = 94ABFEA420C03CEC00B5FB7B;
			productRefGroup = 94ABFEAE20C03CEC00B5FB7B /* Products */;
			projectDirPath = "";
			projectRoot = "";
			targets = (
				94ABFEAC20C03CEC00B5FB7B /* SafeAirlines */,
				94ABFEC020C03CEF00B5FB7B /* SafeAirlinesTests */,
				94ABFECB20C03CEF00B5FB7B /* SafeAirlinesUITests */,
			);
		};
/* End PBXProject section */

/* Begin PBXResourcesBuildPhase section */
		94ABFEAB20C03CEC00B5FB7B /* Resources */ = {
			isa = PBXResourcesBuildPhase;
			buildActionMask = 2147483647;
			files = (
				94ABFEBB20C03CEF00B5FB7B /* LaunchScreen.storyboard in Resources */,
				94ABFEB820C03CEF00B5FB7B /* Assets.xcassets in Resources */,
				94ABFEEB20C0B81000B5FB7B /* SearchResultsCell.xib in Resources */,
				94ABFEB620C03CEC00B5FB7B /* Main.storyboard in Resources */,
			);
			runOnlyForDeploymentPostprocessing = 0;
		};
		94ABFEBF20C03CEF00B5FB7B /* Resources */ = {
			isa = PBXResourcesBuildPhase;
			buildActionMask = 2147483647;
			files = (
			);
			runOnlyForDeploymentPostprocessing = 0;
		};
		94ABFECA20C03CEF00B5FB7B /* Resources */ = {
			isa = PBXResourcesBuildPhase;
			buildActionMask = 2147483647;
			files = (
			);
			runOnlyForDeploymentPostprocessing = 0;
		};
/* End PBXResourcesBuildPhase section */

/* Begin PBXShellScriptBuildPhase section */
		0BD0296B69DC55BA0B8E6491 /* [CP] Check Pods Manifest.lock */ = {
			isa = PBXShellScriptBuildPhase;
			buildActionMask = 2147483647;
			files = (
			);
			inputPaths = (
				"${PODS_PODFILE_DIR_PATH}/Podfile.lock",
				"${PODS_ROOT}/Manifest.lock",
			);
			name = "[CP] Check Pods Manifest.lock";
			outputPaths = (
				"$(DERIVED_FILE_DIR)/Pods-SafeAirlinesTests-checkManifestLockResult.txt",
			);
			runOnlyForDeploymentPostprocessing = 0;
			shellPath = /bin/sh;
			shellScript = "diff \"${PODS_PODFILE_DIR_PATH}/Podfile.lock\" \"${PODS_ROOT}/Manifest.lock\" > /dev/null\nif [ $? != 0 ] ; then\n    # print error to STDERR\n    echo \"error: The sandbox is not in sync with the Podfile.lock. Run 'pod install' or update your CocoaPods installation.\" >&2\n    exit 1\nfi\n# This output is used by Xcode 'outputs' to avoid re-running this script phase.\necho \"SUCCESS\" > \"${SCRIPT_OUTPUT_FILE_0}\"\n";
			showEnvVarsInLog = 0;
		};
		0E4CD10FB5B3A35496E9A5A6 /* [CP] Check Pods Manifest.lock */ = {
			isa = PBXShellScriptBuildPhase;
			buildActionMask = 2147483647;
			files = (
			);
			inputPaths = (
				"${PODS_PODFILE_DIR_PATH}/Podfile.lock",
				"${PODS_ROOT}/Manifest.lock",
			);
			name = "[CP] Check Pods Manifest.lock";
			outputPaths = (
				"$(DERIVED_FILE_DIR)/Pods-SafeAirlinesUITests-checkManifestLockResult.txt",
			);
			runOnlyForDeploymentPostprocessing = 0;
			shellPath = /bin/sh;
			shellScript = "diff \"${PODS_PODFILE_DIR_PATH}/Podfile.lock\" \"${PODS_ROOT}/Manifest.lock\" > /dev/null\nif [ $? != 0 ] ; then\n    # print error to STDERR\n    echo \"error: The sandbox is not in sync with the Podfile.lock. Run 'pod install' or update your CocoaPods installation.\" >&2\n    exit 1\nfi\n# This output is used by Xcode 'outputs' to avoid re-running this script phase.\necho \"SUCCESS\" > \"${SCRIPT_OUTPUT_FILE_0}\"\n";
			showEnvVarsInLog = 0;
		};
		16F3036395E1CEDB57B9A808 /* [CP] Copy Pods Resources */ = {
			isa = PBXShellScriptBuildPhase;
			buildActionMask = 2147483647;
			files = (
			);
			inputPaths = (
			);
			name = "[CP] Copy Pods Resources";
			outputPaths = (
			);
			runOnlyForDeploymentPostprocessing = 0;
			shellPath = /bin/sh;
			shellScript = "\"${SRCROOT}/Pods/Target Support Files/Pods-SafeAirlinesUITests/Pods-SafeAirlinesUITests-resources.sh\"\n";
			showEnvVarsInLog = 0;
		};
		2D2D47999E932857C91D501A /* [CP] Embed Pods Frameworks */ = {
			isa = PBXShellScriptBuildPhase;
			buildActionMask = 2147483647;
			files = (
			);
			inputPaths = (
				"${SRCROOT}/Pods/Target Support Files/Pods-SafeAirlines/Pods-SafeAirlines-frameworks.sh",
				"${BUILT_PRODUCTS_DIR}/Alamofire/Alamofire.framework",
				"${BUILT_PRODUCTS_DIR}/MBProgressHUD/MBProgressHUD.framework",
				"${BUILT_PRODUCTS_DIR}/SkeletonView/SkeletonView.framework",
				"${BUILT_PRODUCTS_DIR}/SwiftMessages/SwiftMessages.framework",
				"${BUILT_PRODUCTS_DIR}/SwiftyJSON/SwiftyJSON.framework",
			);
			name = "[CP] Embed Pods Frameworks";
			outputPaths = (
				"${TARGET_BUILD_DIR}/${FRAMEWORKS_FOLDER_PATH}/Alamofire.framework",
				"${TARGET_BUILD_DIR}/${FRAMEWORKS_FOLDER_PATH}/MBProgressHUD.framework",
				"${TARGET_BUILD_DIR}/${FRAMEWORKS_FOLDER_PATH}/SkeletonView.framework",
				"${TARGET_BUILD_DIR}/${FRAMEWORKS_FOLDER_PATH}/SwiftMessages.framework",
				"${TARGET_BUILD_DIR}/${FRAMEWORKS_FOLDER_PATH}/SwiftyJSON.framework",
			);
			runOnlyForDeploymentPostprocessing = 0;
			shellPath = /bin/sh;
			shellScript = "\"${SRCROOT}/Pods/Target Support Files/Pods-SafeAirlines/Pods-SafeAirlines-frameworks.sh\"\n";
			showEnvVarsInLog = 0;
		};
		43D10965FEB317B4B73D9C33 /* [CP] Copy Pods Resources */ = {
			isa = PBXShellScriptBuildPhase;
			buildActionMask = 2147483647;
			files = (
			);
			inputPaths = (
				"${SRCROOT}/Pods/Target Support Files/Pods-SafeAirlines/Pods-SafeAirlines-resources.sh",
				"${PODS_ROOT}/GoogleMaps/Maps/Frameworks/GoogleMaps.framework/Resources/GoogleMaps.bundle",
				"${PODS_ROOT}/GooglePlaces/Frameworks/GooglePlaces.framework/Resources/GooglePlaces.bundle",
			);
			name = "[CP] Copy Pods Resources";
			outputPaths = (
				"${TARGET_BUILD_DIR}/${UNLOCALIZED_RESOURCES_FOLDER_PATH}/GoogleMaps.bundle",
				"${TARGET_BUILD_DIR}/${UNLOCALIZED_RESOURCES_FOLDER_PATH}/GooglePlaces.bundle",
			);
			runOnlyForDeploymentPostprocessing = 0;
			shellPath = /bin/sh;
			shellScript = "\"${SRCROOT}/Pods/Target Support Files/Pods-SafeAirlines/Pods-SafeAirlines-resources.sh\"\n";
			showEnvVarsInLog = 0;
		};
		61A7DBB3E5B3BAC7444F1A55 /* [CP] Check Pods Manifest.lock */ = {
			isa = PBXShellScriptBuildPhase;
			buildActionMask = 2147483647;
			files = (
			);
			inputPaths = (
				"${PODS_PODFILE_DIR_PATH}/Podfile.lock",
				"${PODS_ROOT}/Manifest.lock",
			);
			name = "[CP] Check Pods Manifest.lock";
			outputPaths = (
				"$(DERIVED_FILE_DIR)/Pods-SafeAirlines-checkManifestLockResult.txt",
			);
			runOnlyForDeploymentPostprocessing = 0;
			shellPath = /bin/sh;
			shellScript = "diff \"${PODS_PODFILE_DIR_PATH}/Podfile.lock\" \"${PODS_ROOT}/Manifest.lock\" > /dev/null\nif [ $? != 0 ] ; then\n    # print error to STDERR\n    echo \"error: The sandbox is not in sync with the Podfile.lock. Run 'pod install' or update your CocoaPods installation.\" >&2\n    exit 1\nfi\n# This output is used by Xcode 'outputs' to avoid re-running this script phase.\necho \"SUCCESS\" > \"${SCRIPT_OUTPUT_FILE_0}\"\n";
			showEnvVarsInLog = 0;
		};
		8E2BA5CD164EF6F814F580B0 /* [CP] Copy Pods Resources */ = {
			isa = PBXShellScriptBuildPhase;
			buildActionMask = 2147483647;
			files = (
			);
			inputPaths = (
			);
			name = "[CP] Copy Pods Resources";
			outputPaths = (
			);
			runOnlyForDeploymentPostprocessing = 0;
			shellPath = /bin/sh;
			shellScript = "\"${SRCROOT}/Pods/Target Support Files/Pods-SafeAirlinesTests/Pods-SafeAirlinesTests-resources.sh\"\n";
			showEnvVarsInLog = 0;
		};
		A8707F06ECB84878D1997875 /* [CP] Embed Pods Frameworks */ = {
			isa = PBXShellScriptBuildPhase;
			buildActionMask = 2147483647;
			files = (
			);
			inputPaths = (
			);
			name = "[CP] Embed Pods Frameworks";
			outputPaths = (
			);
			runOnlyForDeploymentPostprocessing = 0;
			shellPath = /bin/sh;
			shellScript = "\"${SRCROOT}/Pods/Target Support Files/Pods-SafeAirlinesTests/Pods-SafeAirlinesTests-frameworks.sh\"\n";
			showEnvVarsInLog = 0;
		};
		CDC04F9C50719E18BF2C4E4B /* [CP] Embed Pods Frameworks */ = {
			isa = PBXShellScriptBuildPhase;
			buildActionMask = 2147483647;
			files = (
			);
			inputPaths = (
			);
			name = "[CP] Embed Pods Frameworks";
			outputPaths = (
			);
			runOnlyForDeploymentPostprocessing = 0;
			shellPath = /bin/sh;
			shellScript = "\"${SRCROOT}/Pods/Target Support Files/Pods-SafeAirlinesUITests/Pods-SafeAirlinesUITests-frameworks.sh\"\n";
			showEnvVarsInLog = 0;
		};
/* End PBXShellScriptBuildPhase section */

/* Begin PBXSourcesBuildPhase section */
		94ABFEA920C03CEC00B5FB7B /* Sources */ = {
			isa = PBXSourcesBuildPhase;
			buildActionMask = 2147483647;
			files = (
				94ABFEB120C03CEC00B5FB7B /* AppDelegate.swift in Sources */,
				940C193F20C5FB4F004BFBD3 /* Arrays.swift in Sources */,
				94ABFEED20C0B8B900B5FB7B /* SearchResultsCell.swift in Sources */,
				940C194120C79BAD004BFBD3 /* Schedule.swift in Sources */,
				94ABFEE520C090FD00B5FB7B /* AirportSearchPage.swift in Sources */,
				940C193D20C5F80B004BFBD3 /* Airport.swift in Sources */,
				940C194420C7D280004BFBD3 /* RoutesView.swift in Sources */,
				94ABFEE020C08F6700B5FB7B /* HomePageController.swift in Sources */,
				94ABFEE820C0939300B5FB7B /* WebCallsHandler.swift in Sources */,
				94ABFEEF20C1F1EB00B5FB7B /* Constants.swift in Sources */,
			);
			runOnlyForDeploymentPostprocessing = 0;
		};
		94ABFEBD20C03CEF00B5FB7B /* Sources */ = {
			isa = PBXSourcesBuildPhase;
			buildActionMask = 2147483647;
			files = (
				94ABFEC620C03CEF00B5FB7B /* SafeAirlinesTests.swift in Sources */,
			);
			runOnlyForDeploymentPostprocessing = 0;
		};
		94ABFEC820C03CEF00B5FB7B /* Sources */ = {
			isa = PBXSourcesBuildPhase;
			buildActionMask = 2147483647;
			files = (
				94ABFED120C03CEF00B5FB7B /* SafeAirlinesUITests.swift in Sources */,
			);
			runOnlyForDeploymentPostprocessing = 0;
		};
/* End PBXSourcesBuildPhase section */

/* Begin PBXTargetDependency section */
		94ABFEC320C03CEF00B5FB7B /* PBXTargetDependency */ = {
			isa = PBXTargetDependency;
			target = 94ABFEAC20C03CEC00B5FB7B /* SafeAirlines */;
			targetProxy = 94ABFEC220C03CEF00B5FB7B /* PBXContainerItemProxy */;
		};
		94ABFECE20C03CEF00B5FB7B /* PBXTargetDependency */ = {
			isa = PBXTargetDependency;
			target = 94ABFEAC20C03CEC00B5FB7B /* SafeAirlines */;
			targetProxy = 94ABFECD20C03CEF00B5FB7B /* PBXContainerItemProxy */;
		};
/* End PBXTargetDependency section */

/* Begin PBXVariantGroup section */
		94ABFEB420C03CEC00B5FB7B /* Main.storyboard */ = {
			isa = PBXVariantGroup;
			children = (
				94ABFEB520C03CEC00B5FB7B /* Base */,
			);
			name = Main.storyboard;
			sourceTree = "<group>";
		};
		94ABFEB920C03CEF00B5FB7B /* LaunchScreen.storyboard */ = {
			isa = PBXVariantGroup;
			children = (
				94ABFEBA20C03CEF00B5FB7B /* Base */,
			);
			name = LaunchScreen.storyboard;
			sourceTree = "<group>";
		};
/* End PBXVariantGroup section */

/* Begin XCBuildConfiguration section */
		94ABFED320C03CEF00B5FB7B /* Debug */ = {
			isa = XCBuildConfiguration;
			buildSettings = {
				ALWAYS_SEARCH_USER_PATHS = NO;
				CLANG_ANALYZER_NONNULL = YES;
				CLANG_ANALYZER_NUMBER_OBJECT_CONVERSION = YES_AGGRESSIVE;
				CLANG_CXX_LANGUAGE_STANDARD = "gnu++14";
				CLANG_CXX_LIBRARY = "libc++";
				CLANG_ENABLE_MODULES = YES;
				CLANG_ENABLE_OBJC_ARC = YES;
				CLANG_ENABLE_OBJC_WEAK = YES;
				CLANG_WARN_BLOCK_CAPTURE_AUTORELEASING = YES;
				CLANG_WARN_BOOL_CONVERSION = YES;
				CLANG_WARN_COMMA = YES;
				CLANG_WARN_CONSTANT_CONVERSION = YES;
				CLANG_WARN_DEPRECATED_OBJC_IMPLEMENTATIONS = YES;
				CLANG_WARN_DIRECT_OBJC_ISA_USAGE = YES_ERROR;
				CLANG_WARN_DOCUMENTATION_COMMENTS = YES;
				CLANG_WARN_EMPTY_BODY = YES;
				CLANG_WARN_ENUM_CONVERSION = YES;
				CLANG_WARN_INFINITE_RECURSION = YES;
				CLANG_WARN_INT_CONVERSION = YES;
				CLANG_WARN_NON_LITERAL_NULL_CONVERSION = YES;
				CLANG_WARN_OBJC_IMPLICIT_RETAIN_SELF = YES;
				CLANG_WARN_OBJC_LITERAL_CONVERSION = YES;
				CLANG_WARN_OBJC_ROOT_CLASS = YES_ERROR;
				CLANG_WARN_RANGE_LOOP_ANALYSIS = YES;
				CLANG_WARN_STRICT_PROTOTYPES = YES;
				CLANG_WARN_SUSPICIOUS_MOVE = YES;
				CLANG_WARN_UNGUARDED_AVAILABILITY = YES_AGGRESSIVE;
				CLANG_WARN_UNREACHABLE_CODE = YES;
				CLANG_WARN__DUPLICATE_METHOD_MATCH = YES;
				CODE_SIGN_IDENTITY = "iPhone Developer";
				COPY_PHASE_STRIP = NO;
				DEBUG_INFORMATION_FORMAT = dwarf;
				ENABLE_STRICT_OBJC_MSGSEND = YES;
				ENABLE_TESTABILITY = YES;
				GCC_C_LANGUAGE_STANDARD = gnu11;
				GCC_DYNAMIC_NO_PIC = NO;
				GCC_NO_COMMON_BLOCKS = YES;
				GCC_OPTIMIZATION_LEVEL = 0;
				GCC_PREPROCESSOR_DEFINITIONS = (
					"DEBUG=1",
					"$(inherited)",
				);
				GCC_WARN_64_TO_32_BIT_CONVERSION = YES;
				GCC_WARN_ABOUT_RETURN_TYPE = YES_ERROR;
				GCC_WARN_UNDECLARED_SELECTOR = YES;
				GCC_WARN_UNINITIALIZED_AUTOS = YES_AGGRESSIVE;
				GCC_WARN_UNUSED_FUNCTION = YES;
				GCC_WARN_UNUSED_VARIABLE = YES;
				IPHONEOS_DEPLOYMENT_TARGET = 10.0;
				MTL_ENABLE_DEBUG_INFO = YES;
				ONLY_ACTIVE_ARCH = YES;
				SDKROOT = iphoneos;
				SWIFT_ACTIVE_COMPILATION_CONDITIONS = DEBUG;
				SWIFT_OPTIMIZATION_LEVEL = "-Onone";
			};
			name = Debug;
		};
		94ABFED420C03CEF00B5FB7B /* Release */ = {
			isa = XCBuildConfiguration;
			buildSettings = {
				ALWAYS_SEARCH_USER_PATHS = NO;
				CLANG_ANALYZER_NONNULL = YES;
				CLANG_ANALYZER_NUMBER_OBJECT_CONVERSION = YES_AGGRESSIVE;
				CLANG_CXX_LANGUAGE_STANDARD = "gnu++14";
				CLANG_CXX_LIBRARY = "libc++";
				CLANG_ENABLE_MODULES = YES;
				CLANG_ENABLE_OBJC_ARC = YES;
				CLANG_ENABLE_OBJC_WEAK = YES;
				CLANG_WARN_BLOCK_CAPTURE_AUTORELEASING = YES;
				CLANG_WARN_BOOL_CONVERSION = YES;
				CLANG_WARN_COMMA = YES;
				CLANG_WARN_CONSTANT_CONVERSION = YES;
				CLANG_WARN_DEPRECATED_OBJC_IMPLEMENTATIONS = YES;
				CLANG_WARN_DIRECT_OBJC_ISA_USAGE = YES_ERROR;
				CLANG_WARN_DOCUMENTATION_COMMENTS = YES;
				CLANG_WARN_EMPTY_BODY = YES;
				CLANG_WARN_ENUM_CONVERSION = YES;
				CLANG_WARN_INFINITE_RECURSION = YES;
				CLANG_WARN_INT_CONVERSION = YES;
				CLANG_WARN_NON_LITERAL_NULL_CONVERSION = YES;
				CLANG_WARN_OBJC_IMPLICIT_RETAIN_SELF = YES;
				CLANG_WARN_OBJC_LITERAL_CONVERSION = YES;
				CLANG_WARN_OBJC_ROOT_CLASS = YES_ERROR;
				CLANG_WARN_RANGE_LOOP_ANALYSIS = YES;
				CLANG_WARN_STRICT_PROTOTYPES = YES;
				CLANG_WARN_SUSPICIOUS_MOVE = YES;
				CLANG_WARN_UNGUARDED_AVAILABILITY = YES_AGGRESSIVE;
				CLANG_WARN_UNREACHABLE_CODE = YES;
				CLANG_WARN__DUPLICATE_METHOD_MATCH = YES;
				CODE_SIGN_IDENTITY = "iPhone Developer";
				COPY_PHASE_STRIP = NO;
				DEBUG_INFORMATION_FORMAT = "dwarf-with-dsym";
				ENABLE_NS_ASSERTIONS = NO;
				ENABLE_STRICT_OBJC_MSGSEND = YES;
				GCC_C_LANGUAGE_STANDARD = gnu11;
				GCC_NO_COMMON_BLOCKS = YES;
				GCC_WARN_64_TO_32_BIT_CONVERSION = YES;
				GCC_WARN_ABOUT_RETURN_TYPE = YES_ERROR;
				GCC_WARN_UNDECLARED_SELECTOR = YES;
				GCC_WARN_UNINITIALIZED_AUTOS = YES_AGGRESSIVE;
				GCC_WARN_UNUSED_FUNCTION = YES;
				GCC_WARN_UNUSED_VARIABLE = YES;
				IPHONEOS_DEPLOYMENT_TARGET = 10.0;
				MTL_ENABLE_DEBUG_INFO = NO;
				SDKROOT = iphoneos;
				SWIFT_COMPILATION_MODE = wholemodule;
				SWIFT_OPTIMIZATION_LEVEL = "-O";
				VALIDATE_PRODUCT = YES;
			};
			name = Release;
		};
		94ABFED620C03CEF00B5FB7B /* Debug */ = {
			isa = XCBuildConfiguration;
			baseConfigurationReference = F341617FAECC4C0DD1547AEB /* Pods-SafeAirlines.debug.xcconfig */;
			buildSettings = {
				ASSETCATALOG_COMPILER_APPICON_NAME = AppIcon;
				CODE_SIGN_STYLE = Automatic;
				DEVELOPMENT_TEAM = 9AMQKU48U7;
				INFOPLIST_FILE = "$(SRCROOT)/SafeAirlines/Storyboards && Default Files/Info.plist";
				IPHONEOS_DEPLOYMENT_TARGET = 11.0;
				LD_RUNPATH_SEARCH_PATHS = (
					"$(inherited)",
					"@executable_path/Frameworks",
				);
				PRODUCT_BUNDLE_IDENTIFIER = com.danielphiri.SafeAirlines;
				PRODUCT_NAME = "$(TARGET_NAME)";
				SWIFT_VERSION = 4.0;
				TARGETED_DEVICE_FAMILY = "1,2";
			};
			name = Debug;
		};
		94ABFED720C03CEF00B5FB7B /* Release */ = {
			isa = XCBuildConfiguration;
			baseConfigurationReference = D6D25577C7CBB2773942B417 /* Pods-SafeAirlines.release.xcconfig */;
			buildSettings = {
				ASSETCATALOG_COMPILER_APPICON_NAME = AppIcon;
				CODE_SIGN_STYLE = Automatic;
				DEVELOPMENT_TEAM = 9AMQKU48U7;
				INFOPLIST_FILE = "$(SRCROOT)/SafeAirlines/Storyboards && Default Files/Info.plist";
				IPHONEOS_DEPLOYMENT_TARGET = 11.0;
				LD_RUNPATH_SEARCH_PATHS = (
					"$(inherited)",
					"@executable_path/Frameworks",
				);
				PRODUCT_BUNDLE_IDENTIFIER = com.danielphiri.SafeAirlines;
				PRODUCT_NAME = "$(TARGET_NAME)";
				SWIFT_VERSION = 4.0;
				TARGETED_DEVICE_FAMILY = "1,2";
			};
			name = Release;
		};
		94ABFED920C03CEF00B5FB7B /* Debug */ = {
			isa = XCBuildConfiguration;
			baseConfigurationReference = B2F19B4B2DF1A77EB0C69F1E /* Pods-SafeAirlinesTests.debug.xcconfig */;
			buildSettings = {
				ALWAYS_EMBED_SWIFT_STANDARD_LIBRARIES = YES;
				BUNDLE_LOADER = "$(TEST_HOST)";
				CODE_SIGN_STYLE = Automatic;
				DEVELOPMENT_TEAM = 9AMQKU48U7;
				INFOPLIST_FILE = SafeAirlinesTests/Info.plist;
				LD_RUNPATH_SEARCH_PATHS = (
					"$(inherited)",
					"@executable_path/Frameworks",
					"@loader_path/Frameworks",
				);
				PRODUCT_BUNDLE_IDENTIFIER = com.danielphiri.SafeAirlinesTests;
				PRODUCT_NAME = "$(TARGET_NAME)";
				SWIFT_VERSION = 4.0;
				TARGETED_DEVICE_FAMILY = "1,2";
				TEST_HOST = "$(BUILT_PRODUCTS_DIR)/SafeAirlines.app/SafeAirlines";
			};
			name = Debug;
		};
		94ABFEDA20C03CEF00B5FB7B /* Release */ = {
			isa = XCBuildConfiguration;
			baseConfigurationReference = 24DAB651E7974D9C080198D7 /* Pods-SafeAirlinesTests.release.xcconfig */;
			buildSettings = {
				ALWAYS_EMBED_SWIFT_STANDARD_LIBRARIES = YES;
				BUNDLE_LOADER = "$(TEST_HOST)";
				CODE_SIGN_STYLE = Automatic;
				DEVELOPMENT_TEAM = 9AMQKU48U7;
				INFOPLIST_FILE = SafeAirlinesTests/Info.plist;
				LD_RUNPATH_SEARCH_PATHS = (
					"$(inherited)",
					"@executable_path/Frameworks",
					"@loader_path/Frameworks",
				);
				PRODUCT_BUNDLE_IDENTIFIER = com.danielphiri.SafeAirlinesTests;
				PRODUCT_NAME = "$(TARGET_NAME)";
				SWIFT_VERSION = 4.0;
				TARGETED_DEVICE_FAMILY = "1,2";
				TEST_HOST = "$(BUILT_PRODUCTS_DIR)/SafeAirlines.app/SafeAirlines";
			};
			name = Release;
		};
		94ABFEDC20C03CEF00B5FB7B /* Debug */ = {
			isa = XCBuildConfiguration;
			baseConfigurationReference = D03F950C628863FDD6091901 /* Pods-SafeAirlinesUITests.debug.xcconfig */;
			buildSettings = {
				ALWAYS_EMBED_SWIFT_STANDARD_LIBRARIES = YES;
				CODE_SIGN_STYLE = Automatic;
				DEVELOPMENT_TEAM = 9AMQKU48U7;
				INFOPLIST_FILE = SafeAirlinesUITests/Info.plist;
				LD_RUNPATH_SEARCH_PATHS = (
					"$(inherited)",
					"@executable_path/Frameworks",
					"@loader_path/Frameworks",
				);
				PRODUCT_BUNDLE_IDENTIFIER = com.danielphiri.SafeAirlinesUITests;
				PRODUCT_NAME = "$(TARGET_NAME)";
				SWIFT_VERSION = 4.0;
				TARGETED_DEVICE_FAMILY = "1,2";
				TEST_TARGET_NAME = SafeAirlines;
			};
			name = Debug;
		};
		94ABFEDD20C03CEF00B5FB7B /* Release */ = {
			isa = XCBuildConfiguration;
			baseConfigurationReference = F651B0097DB66C987BFE864F /* Pods-SafeAirlinesUITests.release.xcconfig */;
			buildSettings = {
				ALWAYS_EMBED_SWIFT_STANDARD_LIBRARIES = YES;
				CODE_SIGN_STYLE = Automatic;
				DEVELOPMENT_TEAM = 9AMQKU48U7;
				INFOPLIST_FILE = SafeAirlinesUITests/Info.plist;
				LD_RUNPATH_SEARCH_PATHS = (
					"$(inherited)",
					"@executable_path/Frameworks",
					"@loader_path/Frameworks",
				);
				PRODUCT_BUNDLE_IDENTIFIER = com.danielphiri.SafeAirlinesUITests;
				PRODUCT_NAME = "$(TARGET_NAME)";
				SWIFT_VERSION = 4.0;
				TARGETED_DEVICE_FAMILY = "1,2";
				TEST_TARGET_NAME = SafeAirlines;
			};
			name = Release;
		};
/* End XCBuildConfiguration section */

/* Begin XCConfigurationList section */
		94ABFEA820C03CEC00B5FB7B /* Build configuration list for PBXProject "SafeAirlines" */ = {
			isa = XCConfigurationList;
			buildConfigurations = (
				94ABFED320C03CEF00B5FB7B /* Debug */,
				94ABFED420C03CEF00B5FB7B /* Release */,
			);
			defaultConfigurationIsVisible = 0;
			defaultConfigurationName = Release;
		};
		94ABFED520C03CEF00B5FB7B /* Build configuration list for PBXNativeTarget "SafeAirlines" */ = {
			isa = XCConfigurationList;
			buildConfigurations = (
				94ABFED620C03CEF00B5FB7B /* Debug */,
				94ABFED720C03CEF00B5FB7B /* Release */,
			);
			defaultConfigurationIsVisible = 0;
			defaultConfigurationName = Release;
		};
		94ABFED820C03CEF00B5FB7B /* Build configuration list for PBXNativeTarget "SafeAirlinesTests" */ = {
			isa = XCConfigurationList;
			buildConfigurations = (
				94ABFED920C03CEF00B5FB7B /* Debug */,
				94ABFEDA20C03CEF00B5FB7B /* Release */,
			);
			defaultConfigurationIsVisible = 0;
			defaultConfigurationName = Release;
		};
		94ABFEDB20C03CEF00B5FB7B /* Build configuration list for PBXNativeTarget "SafeAirlinesUITests" */ = {
			isa = XCConfigurationList;
			buildConfigurations = (
				94ABFEDC20C03CEF00B5FB7B /* Debug */,
				94ABFEDD20C03CEF00B5FB7B /* Release */,
			);
			defaultConfigurationIsVisible = 0;
			defaultConfigurationName = Release;
		};
/* End XCConfigurationList section */
	};
	rootObject = 94ABFEA520C03CEC00B5FB7B /* Project object */;
}
